
Microsoft Visual Studio Solution File, Format Version 12.00
# Visual Studio Version 17
VisualStudioVersion = 17.11.35222.181
MinimumVisualStudioVersion = 10.0.40219.1
Project("{FAE04EC0-301F-11D3-BF4B-00C04F79EFBC}") = "DependencyInjectionDemo", "DependencyInjectionDemo\DependencyInjectionDemo.csproj", "{B4EF8FEA-0CC9-4B66-948A-7AC9FE93D2BC}"
EndProject
Global
	GlobalSection(SolutionConfigurationPlatforms) = preSolution
		Debug|Any CPU = Debug|Any CPU
		Release|Any CPU = Release|Any CPU
	EndGlobalSection
	GlobalSection(ProjectConfigurationPlatforms) = postSolution
		{B4EF8FEA-0CC9-4B66-948A-7AC9FE93D2BC}.Debug|Any CPU.ActiveCfg = Debug|Any CPU
		{B4EF8FEA-0CC9-4B66-948A-7AC9FE93D2BC}.Debug|Any CPU.Build.0 = Debug|Any CPU
		{B4EF8FEA-0CC9-4B66-948A-7AC9FE93D2BC}.Release|Any CPU.ActiveCfg = Release|Any CPU
		{B4EF8FEA-0CC9-4B66-948A-7AC9FE93D2BC}.Release|Any CPU.Build.0 = Release|Any CPU
	EndGlobalSection
	GlobalSection(SolutionProperties) = preSolution
		HideSolutionNode = FALSE
	EndGlobalSection
	GlobalSection(ExtensibilityGlobals) = postSolution
		SolutionGuid = {2B366AF3-38B3-4023-A5B4-A170F2639456}
	EndGlobalSection
EndGlobal
